
Microsoft Visual Studio Solution File, Format Version 12.00
# Visual Studio Version 16
VisualStudioVersion = 16.6.30114.105
MinimumVisualStudioVersion = 10.0.40219.1
Project("{9A19103F-16F7-4668-BE54-9A1E7A4F7556}") = "LovelyWaffles.MVC", "LovelyWaffles.MVC\LovelyWaffles.MVC.csproj", "{E4919109-0A69-4458-ABF5-DA108B561859}"
EndProject
Project("{FAE04EC0-301F-11D3-BF4B-00C04F79EFBC}") = "LovelyWaffles.RazorPages", "LovelyWaffles.RazorPages\LovelyWaffles.RazorPages.csproj", "{4C1812B8-EF85-4E00-8833-4DE718902585}"
EndProject
Global
	GlobalSection(SolutionConfigurationPlatforms) = preSolution
		Debug|Any CPU = Debug|Any CPU
		Debug|x64 = Debug|x64
		Debug|x86 = Debug|x86
		Release|Any CPU = Release|Any CPU
		Release|x64 = Release|x64
		Release|x86 = Release|x86
	EndGlobalSection
	GlobalSection(ProjectConfigurationPlatforms) = postSolution
		{E4919109-0A69-4458-ABF5-DA108B561859}.Debug|Any CPU.ActiveCfg = Debug|Any CPU
		{E4919109-0A69-4458-ABF5-DA108B561859}.Debug|Any CPU.Build.0 = Debug|Any CPU
		{E4919109-0A69-4458-ABF5-DA108B561859}.Debug|x64.ActiveCfg = Debug|Any CPU
		{E4919109-0A69-4458-ABF5-DA108B561859}.Debug|x64.Build.0 = Debug|Any CPU
		{E4919109-0A69-4458-ABF5-DA108B561859}.Debug|x86.ActiveCfg = Debug|Any CPU
		{E4919109-0A69-4458-ABF5-DA108B561859}.Debug|x86.Build.0 = Debug|Any CPU
		{E4919109-0A69-4458-ABF5-DA108B561859}.Release|Any CPU.ActiveCfg = Release|Any CPU
		{E4919109-0A69-4458-ABF5-DA108B561859}.Release|Any CPU.Build.0 = Release|Any CPU
		{E4919109-0A69-4458-ABF5-DA108B561859}.Release|x64.ActiveCfg = Release|Any CPU
		{E4919109-0A69-4458-ABF5-DA108B561859}.Release|x64.Build.0 = Release|Any CPU
		{E4919109-0A69-4458-ABF5-DA108B561859}.Release|x86.ActiveCfg = Release|Any CPU
		{E4919109-0A69-4458-ABF5-DA108B561859}.Release|x86.Build.0 = Release|Any CPU
		{4C1812B8-EF85-4E00-8833-4DE718902585}.Debug|Any CPU.ActiveCfg = Debug|Any CPU
		{4C1812B8-EF85-4E00-8833-4DE718902585}.Debug|Any CPU.Build.0 = Debug|Any CPU
		{4C1812B8-EF85-4E00-8833-4DE718902585}.Debug|x64.ActiveCfg = Debug|Any CPU
		{4C1812B8-EF85-4E00-8833-4DE718902585}.Debug|x64.Build.0 = Debug|Any CPU
		{4C1812B8-EF85-4E00-8833-4DE718902585}.Debug|x86.ActiveCfg = Debug|Any CPU
		{4C1812B8-EF85-4E00-8833-4DE718902585}.Debug|x86.Build.0 = Debug|Any CPU
		{4C1812B8-EF85-4E00-8833-4DE718902585}.Release|Any CPU.ActiveCfg = Release|Any CPU
		{4C1812B8-EF85-4E00-8833-4DE718902585}.Release|Any CPU.Build.0 = Release|Any CPU
		{4C1812B8-EF85-4E00-8833-4DE718902585}.Release|x64.ActiveCfg = Release|Any CPU
		{4C1812B8-EF85-4E00-8833-4DE718902585}.Release|x64.Build.0 = Release|Any CPU
		{4C1812B8-EF85-4E00-8833-4DE718902585}.Release|x86.ActiveCfg = Release|Any CPU
		{4C1812B8-EF85-4E00-8833-4DE718902585}.Release|x86.Build.0 = Release|Any CPU
	EndGlobalSection
	GlobalSection(SolutionProperties) = preSolution
		HideSolutionNode = FALSE
	EndGlobalSection
	GlobalSection(ExtensibilityGlobals) = postSolution
		SolutionGuid = {C55E78F7-575C-472E-9D69-B9BF1338EE26}
	EndGlobalSection
EndGlobal
